{
    "_readme": [
        "This file locks the dependencies of your project to a known state",
        "Read more about it at http://getcomposer.org/doc/01-basic-usage.md#composer-lock-the-lock-file"
    ],
    "hash": "299ae407cce01423aee1afa3727567f7",
    "packages": [
        {
            "name": "facebook/webdriver",
            "version": "dev-master",
            "source": {
                "type": "git",
                "url": "https://github.com/facebook/php-webdriver.git",
                "reference": "d9de71996525306fcbb36f39726f64a916f64e31"
            },
            "dist": {
                "type": "zip",
                "url": "https://api.github.com/repos/facebook/php-webdriver/zipball/d9de71996525306fcbb36f39726f64a916f64e31",
                "reference": "d9de71996525306fcbb36f39726f64a916f64e31",
                "shasum": ""
            },
            "require": {
                "php": ">=5.3.0"
            },
            "type": "library",
            "autoload": {
                "classmap": [
                    "lib/"
                ]
            },
            "notification-url": "http://packagist.org/downloads/",
            "license": [
                "Apache-2.0"
            ],
            "description": "A php client for WebDriver",
            "homepage": "https://github.com/facebook/php-webdriver",
            "time": "2013-07-28 17:48:40"
        }
    ],
    "packages-dev": [

    ],
    "aliases": [

    ],
    "minimum-stability": "stable",
    "stability-flags": {
        "facebook/webdriver": 20
    },
    "platform": [

    ],
    "platform-dev": [

    ]
}
